
Microsoft Visual Studio Solution File, Format Version 12.00
# Visual Studio Version 16
VisualStudioVersion = 16.0.32228.343
MinimumVisualStudioVersion = 10.0.40219.1
Project("{FAE04EC0-301F-11D3-BF4B-00C04F79EFBC}") = "GymAccess", "GymAccess.csproj", "{7D0D1534-473D-449F-A3A8-F5EF80732CA1}"
EndProject
Global
	GlobalSection(SolutionConfigurationPlatforms) = preSolution
		Debug|Any CPU = Debug|Any CPU
		Release|Any CPU = Release|Any CPU
	EndGlobalSection
	GlobalSection(ProjectConfigurationPlatforms) = postSolution
		{7D0D1534-473D-449F-A3A8-F5EF80732CA1}.Debug|Any CPU.ActiveCfg = Debug|Any CPU
		{7D0D1534-473D-449F-A3A8-F5EF80732CA1}.Debug|Any CPU.Build.0 = Debug|Any CPU
		{7D0D1534-473D-449F-A3A8-F5EF80732CA1}.Release|Any CPU.ActiveCfg = Release|Any CPU
		{7D0D1534-473D-449F-A3A8-F5EF80732CA1}.Release|Any CPU.Build.0 = Release|Any CPU
	EndGlobalSection
	GlobalSection(SolutionProperties) = preSolution
		HideSolutionNode = FALSE
	EndGlobalSection
	GlobalSection(ExtensibilityGlobals) = postSolution
		SolutionGuid = {8F8490AE-9EFA-4BDF-8539-D6F9A712CC28}
	EndGlobalSection
EndGlobal
